// !$*UTF8*$!
{
	archiveVersion = 1;
	classes = {
	};
	objectVersion = 46;
	objects = {

/* Begin PBXBuildFile section */
		A68ED5FF1CEDAF3800CF6552 /* AppDelegate.swift in Sources */ = {isa = PBXBuildFile; fileRef = A68ED5FE1CEDAF3800CF6552 /* AppDelegate.swift */; };
		A68ED6011CEDAF3800CF6552 /* ViewController.swift in Sources */ = {isa = PBXBuildFile; fileRef = A68ED6001CEDAF3800CF6552 /* ViewController.swift */; };
		A68ED6041CEDAF3800CF6552 /* Main.storyboard in Resources */ = {isa = PBXBuildFile; fileRef = A68ED6021CEDAF3800CF6552 /* Main.storyboard */; };
		A68ED6061CEDAF3800CF6552 /* Assets.xcassets in Resources */ = {isa = PBXBuildFile; fileRef = A68ED6051CEDAF3800CF6552 /* Assets.xcassets */; };
		A68ED6091CEDAF3800CF6552 /* LaunchScreen.storyboard in Resources */ = {isa = PBXBuildFile; fileRef = A68ED6071CEDAF3800CF6552 /* LaunchScreen.storyboard */; };
		A68ED6141CEDAF3800CF6552 /* TestTests.swift in Sources */ = {isa = PBXBuildFile; fileRef = A68ED6131CEDAF3800CF6552 /* TestTests.swift */; };
		A68ED61F1CEDAF3800CF6552 /* TestUITests.swift in Sources */ = {isa = PBXBuildFile; fileRef = A68ED61E1CEDAF3800CF6552 /* TestUITests.swift */; };
		A68ED62D1CEDB39600CF6552 /* test.swift in Sources */ = {isa = PBXBuildFile; fileRef = A68ED62C1CEDB39600CF6552 /* test.swift */; };
		A68ED62F1CEDB3FF00CF6552 /* test2.swift in Sources */ = {isa = PBXBuildFile; fileRef = A68ED62E1CEDB3FF00CF6552 /* test2.swift */; };
/* End PBXBuildFile section */

/* Begin PBXContainerItemProxy section */
		A68ED6101CEDAF3800CF6552 /* PBXContainerItemProxy */ = {
			isa = PBXContainerItemProxy;
			containerPortal = A68ED5F31CEDAF3800CF6552 /* Project object */;
			proxyType = 1;
			remoteGlobalIDString = A68ED5FA1CEDAF3800CF6552;
			remoteInfo = Test;
		};
		A68ED61B1CEDAF3800CF6552 /* PBXContainerItemProxy */ = {
			isa = PBXContainerItemProxy;
			containerPortal = A68ED5F31CEDAF3800CF6552 /* Project object */;
			proxyType = 1;
			remoteGlobalIDString = A68ED5FA1CEDAF3800CF6552;
			remoteInfo = Test;
		};
/* End PBXContainerItemProxy section */

/* Begin PBXFileReference section */
		A68ED5FB1CEDAF3800CF6552 /* Test.app */ = {isa = PBXFileReference; explicitFileType = wrapper.application; includeInIndex = 0; path = Test.app; sourceTree = BUILT_PRODUCTS_DIR; };
		A68ED5FE1CEDAF3800CF6552 /* AppDelegate.swift */ = {isa = PBXFileReference; lastKnownFileType = sourcecode.swift; path = AppDelegate.swift; sourceTree = "<group>"; };
		A68ED6001CEDAF3800CF6552 /* ViewController.swift */ = {isa = PBXFileReference; lastKnownFileType = sourcecode.swift; path = ViewController.swift; sourceTree = "<group>"; };
		A68ED6031CEDAF3800CF6552 /* Base */ = {isa = PBXFileReference; lastKnownFileType = file.storyboard; name = Base; path = Base.lproj/Main.storyboard; sourceTree = "<group>"; };
		A68ED6051CEDAF3800CF6552 /* Assets.xcassets */ = {isa = PBXFileReference; lastKnownFileType = folder.assetcatalog; path = Assets.xcassets; sourceTree = "<group>"; };
		A68ED6081CEDAF3800CF6552 /* Base */ = {isa = PBXFileReference; lastKnownFileType = file.storyboard; name = Base; path = Base.lproj/LaunchScreen.storyboard; sourceTree = "<group>"; };
		A68ED60A1CEDAF3800CF6552 /* Info.plist */ = {isa = PBXFileReference; lastKnownFileType = text.plist.xml; path = Info.plist; sourceTree = "<group>"; };
		A68ED60F1CEDAF3800CF6552 /* TestTests.xctest */ = {isa = PBXFileReference; explicitFileType = wrapper.cfbundle; includeInIndex = 0; path = TestTests.xctest; sourceTree = BUILT_PRODUCTS_DIR; };
		A68ED6131CEDAF3800CF6552 /* TestTests.swift */ = {isa = PBXFileReference; lastKnownFileType = sourcecode.swift; path = TestTests.swift; sourceTree = "<group>"; };
		A68ED6151CEDAF3800CF6552 /* Info.plist */ = {isa = PBXFileReference; lastKnownFileType = text.plist.xml; path = Info.plist; sourceTree = "<group>"; };
		A68ED61A1CEDAF3800CF6552 /* TestUITests.xctest */ = {isa = PBXFileReference; explicitFileType = wrapper.cfbundle; includeInIndex = 0; path = TestUITests.xctest; sourceTree = BUILT_PRODUCTS_DIR; };
		A68ED61E1CEDAF3800CF6552 /* TestUITests.swift */ = {isa = PBXFileReference; lastKnownFileType = sourcecode.swift; path = TestUITests.swift; sourceTree = "<group>"; };
		A68ED6201CEDAF3800CF6552 /* Info.plist */ = {isa = PBXFileReference; lastKnownFileType = text.plist.xml; path = Info.plist; sourceTree = "<group>"; };
		A68ED62C1CEDB39600CF6552 /* test.swift */ = {isa = PBXFileReference; fileEncoding = 4; lastKnownFileType = sourcecode.swift; path = test.swift; sourceTree = "<group>"; };
		A68ED62E1CEDB3FF00CF6552 /* test2.swift */ = {isa = PBXFileReference; fileEncoding = 4; lastKnownFileType = sourcecode.swift; path = test2.swift; sourceTree = "<group>"; };
/* End PBXFileReference section */

/* Begin PBXFrameworksBuildPhase section */
		A68ED5F81CEDAF3800CF6552 /* Frameworks */ = {
			isa = PBXFrameworksBuildPhase;
			buildActionMask = 2147483647;
			files = (
			);
			runOnlyForDeploymentPostprocessing = 0;
		};
		A68ED60C1CEDAF3800CF6552 /* Frameworks */ = {
			isa = PBXFrameworksBuildPhase;
			buildActionMask = 2147483647;
			files = (
			);
			runOnlyForDeploymentPostprocessing = 0;
		};
		A68ED6171CEDAF3800CF6552 /* Frameworks */ = {
			isa = PBXFrameworksBuildPhase;
			buildActionMask = 2147483647;
			files = (
			);
			runOnlyForDeploymentPostprocessing = 0;
		};
/* End PBXFrameworksBuildPhase section */

/* Begin PBXGroup section */
		A68ED5F21CEDAF3800CF6552 = {
			isa = PBXGroup;
			children = (
				A68ED5FD1CEDAF3800CF6552 /* Test */,
				A68ED6121CEDAF3800CF6552 /* TestTests */,
				A68ED61D1CEDAF3800CF6552 /* TestUITests */,
				A68ED5FC1CEDAF3800CF6552 /* Products */,
			);
			sourceTree = "<group>";
		};
		A68ED5FC1CEDAF3800CF6552 /* Products */ = {
			isa = PBXGroup;
			children = (
				A68ED5FB1CEDAF3800CF6552 /* Test.app */,
				A68ED60F1CEDAF3800CF6552 /* TestTests.xctest */,
				A68ED61A1CEDAF3800CF6552 /* TestUITests.xctest */,
			);
			name = Products;
			sourceTree = "<group>";
		};
		A68ED5FD1CEDAF3800CF6552 /* Test */ = {
			isa = PBXGroup;
			children = (
				A68ED5FE1CEDAF3800CF6552 /* AppDelegate.swift */,
				A68ED6001CEDAF3800CF6552 /* ViewController.swift */,
				A68ED62C1CEDB39600CF6552 /* test.swift */,
				A68ED62E1CEDB3FF00CF6552 /* test2.swift */,
				A68ED6021CEDAF3800CF6552 /* Main.storyboard */,
				A68ED6051CEDAF3800CF6552 /* Assets.xcassets */,
				A68ED6071CEDAF3800CF6552 /* LaunchScreen.storyboard */,
				A68ED60A1CEDAF3800CF6552 /* Info.plist */,
			);
			path = Test;
			sourceTree = "<group>";
		};
		A68ED6121CEDAF3800CF6552 /* TestTests */ = {
			isa = PBXGroup;
			children = (
				A68ED6131CEDAF3800CF6552 /* TestTests.swift */,
				A68ED6151CEDAF3800CF6552 /* Info.plist */,
			);
			path = TestTests;
			sourceTree = "<group>";
		};
		A68ED61D1CEDAF3800CF6552 /* TestUITests */ = {
			isa = PBXGroup;
			children = (
				A68ED61E1CEDAF3800CF6552 /* TestUITests.swift */,
				A68ED6201CEDAF3800CF6552 /* Info.plist */,
			);
			path = TestUITests;
			sourceTree = "<group>";
		};
/* End PBXGroup section */

/* Begin PBXNativeTarget section */
		A68ED5FA1CEDAF3800CF6552 /* Test */ = {
			isa = PBXNativeTarget;
			buildConfigurationList = A68ED6231CEDAF3800CF6552 /* Build configuration list for PBXNativeTarget "Test" */;
			buildPhases = (
				A68ED5F71CEDAF3800CF6552 /* Sources */,
				A68ED5F81CEDAF3800CF6552 /* Frameworks */,
				A68ED5F91CEDAF3800CF6552 /* Resources */,
			);
			buildRules = (
			);
			dependencies = (
			);
			name = Test;
			productName = Test;
			productReference = A68ED5FB1CEDAF3800CF6552 /* Test.app */;
			productType = "com.apple.product-type.application";
		};
		A68ED60E1CEDAF3800CF6552 /* TestTests */ = {
			isa = PBXNativeTarget;
			buildConfigurationList = A68ED6261CEDAF3800CF6552 /* Build configuration list for PBXNativeTarget "TestTests" */;
			buildPhases = (
				A68ED60B1CEDAF3800CF6552 /* Sources */,
				A68ED60C1CEDAF3800CF6552 /* Frameworks */,
				A68ED60D1CEDAF3800CF6552 /* Resources */,
			);
			buildRules = (
			);
			dependencies = (
				A68ED6111CEDAF3800CF6552 /* PBXTargetDependency */,
			);
			name = TestTests;
			productName = TestTests;
			productReference = A68ED60F1CEDAF3800CF6552 /* TestTests.xctest */;
			productType = "com.apple.product-type.bundle.unit-test";
		};
		A68ED6191CEDAF3800CF6552 /* TestUITests */ = {
			isa = PBXNativeTarget;
			buildConfigurationList = A68ED6291CEDAF3800CF6552 /* Build configuration list for PBXNativeTarget "TestUITests" */;
			buildPhases = (
				A68ED6161CEDAF3800CF6552 /* Sources */,
				A68ED6171CEDAF3800CF6552 /* Frameworks */,
				A68ED6181CEDAF3800CF6552 /* Resources */,
			);
			buildRules = (
			);
			dependencies = (
				A68ED61C1CEDAF3800CF6552 /* PBXTargetDependency */,
			);
			name = TestUITests;
			productName = TestUITests;
			productReference = A68ED61A1CEDAF3800CF6552 /* TestUITests.xctest */;
			productType = "com.apple.product-type.bundle.ui-testing";
		};
/* End PBXNativeTarget section */

/* Begin PBXProject section */
		A68ED5F31CEDAF3800CF6552 /* Project object */ = {
			isa = PBXProject;
			attributes = {
				LastSwiftUpdateCheck = 0730;
				LastUpgradeCheck = 0730;
				ORGANIZATIONNAME = "樊运达";
				TargetAttributes = {
					A68ED5FA1CEDAF3800CF6552 = {
						CreatedOnToolsVersion = 7.3.1;
					};
					A68ED60E1CEDAF3800CF6552 = {
						CreatedOnToolsVersion = 7.3.1;
						TestTargetID = A68ED5FA1CEDAF3800CF6552;
					};
					A68ED6191CEDAF3800CF6552 = {
						CreatedOnToolsVersion = 7.3.1;
						TestTargetID = A68ED5FA1CEDAF3800CF6552;
					};
				};
			};
			buildConfigurationList = A68ED5F61CEDAF3800CF6552 /* Build configuration list for PBXProject "Test" */;
			compatibilityVersion = "Xcode 3.2";
			developmentRegion = English;
			hasScannedForEncodings = 0;
			knownRegions = (
				en,
				Base,
			);
			mainGroup = A68ED5F21CEDAF3800CF6552;
			productRefGroup = A68ED5FC1CEDAF3800CF6552 /* Products */;
			projectDirPath = "";
			projectRoot = "";
			targets = (
				A68ED5FA1CEDAF3800CF6552 /* Test */,
				A68ED60E1CEDAF3800CF6552 /* TestTests */,
				A68ED6191CEDAF3800CF6552 /* TestUITests */,
			);
		};
/* End PBXProject section */

/* Begin PBXResourcesBuildPhase section */
		A68ED5F91CEDAF3800CF6552 /* Resources */ = {
			isa = PBXResourcesBuildPhase;
			buildActionMask = 2147483647;
			files = (
				A68ED6091CEDAF3800CF6552 /* LaunchScreen.storyboard in Resources */,
				A68ED6061CEDAF3800CF6552 /* Assets.xcassets in Resources */,
				A68ED6041CEDAF3800CF6552 /* Main.storyboard in Resources */,
			);
			runOnlyForDeploymentPostprocessing = 0;
		};
		A68ED60D1CEDAF3800CF6552 /* Resources */ = {
			isa = PBXResourcesBuildPhase;
			buildActionMask = 2147483647;
			files = (
			);
			runOnlyForDeploymentPostprocessing = 0;
		};
		A68ED6181CEDAF3800CF6552 /* Resources */ = {
			isa = PBXResourcesBuildPhase;
			buildActionMask = 2147483647;
			files = (
			);
			runOnlyForDeploymentPostprocessing = 0;
		};
/* End PBXResourcesBuildPhase section */

/* Begin PBXSourcesBuildPhase section */
		A68ED5F71CEDAF3800CF6552 /* Sources */ = {
			isa = PBXSourcesBuildPhase;
			buildActionMask = 2147483647;
			files = (
				A68ED62F1CEDB3FF00CF6552 /* test2.swift in Sources */,
				A68ED6011CEDAF3800CF6552 /* ViewController.swift in Sources */,
				A68ED62D1CEDB39600CF6552 /* test.swift in Sources */,
				A68ED5FF1CEDAF3800CF6552 /* AppDelegate.swift in Sources */,
			);
			runOnlyForDeploymentPostprocessing = 0;
		};
		A68ED60B1CEDAF3800CF6552 /* Sources */ = {
			isa = PBXSourcesBuildPhase;
			buildActionMask = 2147483647;
			files = (
				A68ED6141CEDAF3800CF6552 /* TestTests.swift in Sources */,
			);
			runOnlyForDeploymentPostprocessing = 0;
		};
		A68ED6161CEDAF3800CF6552 /* Sources */ = {
			isa = PBXSourcesBuildPhase;
			buildActionMask = 2147483647;
			files = (
				A68ED61F1CEDAF3800CF6552 /* TestUITests.swift in Sources */,
			);
			runOnlyForDeploymentPostprocessing = 0;
		};
/* End PBXSourcesBuildPhase section */

/* Begin PBXTargetDependency section */
		A68ED6111CEDAF3800CF6552 /* PBXTargetDependency */ = {
			isa = PBXTargetDependency;
			target = A68ED5FA1CEDAF3800CF6552 /* Test */;
			targetProxy = A68ED6101CEDAF3800CF6552 /* PBXContainerItemProxy */;
		};
		A68ED61C1CEDAF3800CF6552 /* PBXTargetDependency */ = {
			isa = PBXTargetDependency;
			target = A68ED5FA1CEDAF3800CF6552 /* Test */;
			targetProxy = A68ED61B1CEDAF3800CF6552 /* PBXContainerItemProxy */;
		};
/* End PBXTargetDependency section */

/* Begin PBXVariantGroup section */
		A68ED6021CEDAF3800CF6552 /* Main.storyboard */ = {
			isa = PBXVariantGroup;
			children = (
				A68ED6031CEDAF3800CF6552 /* Base */,
			);
			name = Main.storyboard;
			sourceTree = "<group>";
		};
		A68ED6071CEDAF3800CF6552 /* LaunchScreen.storyboard */ = {
			isa = PBXVariantGroup;
			children = (
				A68ED6081CEDAF3800CF6552 /* Base */,
			);
			name = LaunchScreen.storyboard;
			sourceTree = "<group>";
		};
/* End PBXVariantGroup section */

/* Begin XCBuildConfiguration section */
		A68ED6211CEDAF3800CF6552 /* Debug */ = {
			isa = XCBuildConfiguration;
			buildSettings = {
				ALWAYS_SEARCH_USER_PATHS = NO;
				CLANG_ANALYZER_NONNULL = YES;
				CLANG_CXX_LANGUAGE_STANDARD = "gnu++0x";
				CLANG_CXX_LIBRARY = "libc++";
				CLANG_ENABLE_MODULES = YES;
				CLANG_ENABLE_OBJC_ARC = YES;
				CLANG_WARN_BOOL_CONVERSION = YES;
				CLANG_WARN_CONSTANT_CONVERSION = YES;
				CLANG_WARN_DIRECT_OBJC_ISA_USAGE = YES_ERROR;
				CLANG_WARN_EMPTY_BODY = YES;
				CLANG_WARN_ENUM_CONVERSION = YES;
				CLANG_WARN_INT_CONVERSION = YES;
				CLANG_WARN_OBJC_ROOT_CLASS = YES_ERROR;
				CLANG_WARN_UNREACHABLE_CODE = YES;
				CLANG_WARN__DUPLICATE_METHOD_MATCH = YES;
				"CODE_SIGN_IDENTITY[sdk=iphoneos*]" = "iPhone Developer";
				COPY_PHASE_STRIP = NO;
				DEBUG_INFORMATION_FORMAT = dwarf;
				ENABLE_STRICT_OBJC_MSGSEND = YES;
				ENABLE_TESTABILITY = YES;
				GCC_C_LANGUAGE_STANDARD = gnu99;
				GCC_DYNAMIC_NO_PIC = NO;
				GCC_NO_COMMON_BLOCKS = YES;
				GCC_OPTIMIZATION_LEVEL = 0;
				GCC_PREPROCESSOR_DEFINITIONS = (
					"DEBUG=1",
					"$(inherited)",
				);
				GCC_WARN_64_TO_32_BIT_CONVERSION = YES;
				GCC_WARN_ABOUT_RETURN_TYPE = YES_ERROR;
				GCC_WARN_UNDECLARED_SELECTOR = YES;
				GCC_WARN_UNINITIALIZED_AUTOS = YES_AGGRESSIVE;
				GCC_WARN_UNUSED_FUNCTION = YES;
				GCC_WARN_UNUSED_VARIABLE = YES;
				IPHONEOS_DEPLOYMENT_TARGET = 9.3;
				MTL_ENABLE_DEBUG_INFO = YES;
				ONLY_ACTIVE_ARCH = YES;
				SDKROOT = iphoneos;
				SWIFT_OPTIMIZATION_LEVEL = "-Onone";
			};
			name = Debug;
		};
		A68ED6221CEDAF3800CF6552 /* Release */ = {
			isa = XCBuildConfiguration;
			buildSettings = {
				ALWAYS_SEARCH_USER_PATHS = NO;
				CLANG_ANALYZER_NONNULL = YES;
				CLANG_CXX_LANGUAGE_STANDARD = "gnu++0x";
				CLANG_CXX_LIBRARY = "libc++";
				CLANG_ENABLE_MODULES = YES;
				CLANG_ENABLE_OBJC_ARC = YES;
				CLANG_WARN_BOOL_CONVERSION = YES;
				CLANG_WARN_CONSTANT_CONVERSION = YES;
				CLANG_WARN_DIRECT_OBJC_ISA_USAGE = YES_ERROR;
				CLANG_WARN_EMPTY_BODY = YES;
				CLANG_WARN_ENUM_CONVERSION = YES;
				CLANG_WARN_INT_CONVERSION = YES;
				CLANG_WARN_OBJC_ROOT_CLASS = YES_ERROR;
				CLANG_WARN_UNREACHABLE_CODE = YES;
				CLANG_WARN__DUPLICATE_METHOD_MATCH = YES;
				"CODE_SIGN_IDENTITY[sdk=iphoneos*]" = "iPhone Developer";
				COPY_PHASE_STRIP = NO;
				DEBUG_INFORMATION_FORMAT = "dwarf-with-dsym";
				ENABLE_NS_ASSERTIONS = NO;
				ENABLE_STRICT_OBJC_MSGSEND = YES;
				GCC_C_LANGUAGE_STANDARD = gnu99;
				GCC_NO_COMMON_BLOCKS = YES;
				GCC_WARN_64_TO_32_BIT_CONVERSION = YES;
				GCC_WARN_ABOUT_RETURN_TYPE = YES_ERROR;
				GCC_WARN_UNDECLARED_SELECTOR = YES;
				GCC_WARN_UNINITIALIZED_AUTOS = YES_AGGRESSIVE;
				GCC_WARN_UNUSED_FUNCTION = YES;
				GCC_WARN_UNUSED_VARIABLE = YES;
				IPHONEOS_DEPLOYMENT_TARGET = 9.3;
				MTL_ENABLE_DEBUG_INFO = NO;
				SDKROOT = iphoneos;
				VALIDATE_PRODUCT = YES;
			};
			name = Release;
		};
		A68ED6241CEDAF3800CF6552 /* Debug */ = {
			isa = XCBuildConfiguration;
			buildSettings = {
				ASSETCATALOG_COMPILER_APPICON_NAME = AppIcon;
				INFOPLIST_FILE = Test/Info.plist;
				LD_RUNPATH_SEARCH_PATHS = "$(inherited) @executable_path/Frameworks";
				PRODUCT_BUNDLE_IDENTIFIER = edu.self.Test;
				PRODUCT_NAME = "$(TARGET_NAME)";
			};
			name = Debug;
		};
		A68ED6251CEDAF3800CF6552 /* Release */ = {
			isa = XCBuildConfiguration;
			buildSettings = {
				ASSETCATALOG_COMPILER_APPICON_NAME = AppIcon;
				INFOPLIST_FILE = Test/Info.plist;
				LD_RUNPATH_SEARCH_PATHS = "$(inherited) @executable_path/Frameworks";
				PRODUCT_BUNDLE_IDENTIFIER = edu.self.Test;
				PRODUCT_NAME = "$(TARGET_NAME)";
			};
			name = Release;
		};
		A68ED6271CEDAF3800CF6552 /* Debug */ = {
			isa = XCBuildConfiguration;
			buildSettings = {
				BUNDLE_LOADER = "$(TEST_HOST)";
				INFOPLIST_FILE = TestTests/Info.plist;
				LD_RUNPATH_SEARCH_PATHS = "$(inherited) @executable_path/Frameworks @loader_path/Frameworks";
				PRODUCT_BUNDLE_IDENTIFIER = edu.self.TestTests;
				PRODUCT_NAME = "$(TARGET_NAME)";
				TEST_HOST = "$(BUILT_PRODUCTS_DIR)/Test.app/Test";
			};
			name = Debug;
		};
		A68ED6281CEDAF3800CF6552 /* Release */ = {
			isa = XCBuildConfiguration;
			buildSettings = {
				BUNDLE_LOADER = "$(TEST_HOST)";
				INFOPLIST_FILE = TestTests/Info.plist;
				LD_RUNPATH_SEARCH_PATHS = "$(inherited) @executable_path/Frameworks @loader_path/Frameworks";
				PRODUCT_BUNDLE_IDENTIFIER = edu.self.TestTests;
				PRODUCT_NAME = "$(TARGET_NAME)";
				TEST_HOST = "$(BUILT_PRODUCTS_DIR)/Test.app/Test";
			};
			name = Release;
		};
		A68ED62A1CEDAF3800CF6552 /* Debug */ = {
			isa = XCBuildConfiguration;
			buildSettings = {
				INFOPLIST_FILE = TestUITests/Info.plist;
				LD_RUNPATH_SEARCH_PATHS = "$(inherited) @executable_path/Frameworks @loader_path/Frameworks";
				PRODUCT_BUNDLE_IDENTIFIER = edu.self.TestUITests;
				PRODUCT_NAME = "$(TARGET_NAME)";
				TEST_TARGET_NAME = Test;
			};
			name = Debug;
		};
		A68ED62B1CEDAF3800CF6552 /* Release */ = {
			isa = XCBuildConfiguration;
			buildSettings = {
				INFOPLIST_FILE = TestUITests/Info.plist;
				LD_RUNPATH_SEARCH_PATHS = "$(inherited) @executable_path/Frameworks @loader_path/Frameworks";
				PRODUCT_BUNDLE_IDENTIFIER = edu.self.TestUITests;
				PRODUCT_NAME = "$(TARGET_NAME)";
				TEST_TARGET_NAME = Test;
			};
			name = Release;
		};
/* End XCBuildConfiguration section */

/* Begin XCConfigurationList section */
		A68ED5F61CEDAF3800CF6552 /* Build configuration list for PBXProject "Test" */ = {
			isa = XCConfigurationList;
			buildConfigurations = (
				A68ED6211CEDAF3800CF6552 /* Debug */,
				A68ED6221CEDAF3800CF6552 /* Release */,
			);
			defaultConfigurationIsVisible = 0;
			defaultConfigurationName = Release;
		};
		A68ED6231CEDAF3800CF6552 /* Build configuration list for PBXNativeTarget "Test" */ = {
			isa = XCConfigurationList;
			buildConfigurations = (
				A68ED6241CEDAF3800CF6552 /* Debug */,
				A68ED6251CEDAF3800CF6552 /* Release */,
			);
			defaultConfigurationIsVisible = 0;
		};
		A68ED6261CEDAF3800CF6552 /* Build configuration list for PBXNativeTarget "TestTests" */ = {
			isa = XCConfigurationList;
			buildConfigurations = (
				A68ED6271CEDAF3800CF6552 /* Debug */,
				A68ED6281CEDAF3800CF6552 /* Release */,
			);
			defaultConfigurationIsVisible = 0;
		};
		A68ED6291CEDAF3800CF6552 /* Build configuration list for PBXNativeTarget "TestUITests" */ = {
			isa = XCConfigurationList;
			buildConfigurations = (
				A68ED62A1CEDAF3800CF6552 /* Debug */,
				A68ED62B1CEDAF3800CF6552 /* Release */,
			);
			defaultConfigurationIsVisible = 0;
		};
/* End XCConfigurationList section */
	};
	rootObject = A68ED5F31CEDAF3800CF6552 /* Project object */;
}
